
Microsoft Visual Studio Solution File, Format Version 12.00
# Visual Studio Version 16
VisualStudioVersion = 16.0.31624.102
MinimumVisualStudioVersion = 10.0.40219.1
Project("{8BC9CEB8-8B4A-11D0-8D11-00A0C91BC942}") = "HighCard", "HighCard\HighCard.vcxproj", "{76654ED1-99D7-47A6-98AE-818706177E69}"
EndProject
Project("{8BC9CEB8-8B4A-11D0-8D11-00A0C91BC942}") = "HighCardLib", "HighCardLib\HighCardLib.vcxproj", "{CB67F3AA-AE64-4023-AF51-49D20CEDA57E}"
EndProject
Project("{8BC9CEB8-8B4A-11D0-8D11-00A0C91BC942}") = "UtilsLib", "Utils\Utils.vcxproj", "{B088156F-4561-47B1-B166-B5DC43C84F0B}"
EndProject
Global
	GlobalSection(SolutionConfigurationPlatforms) = preSolution
		Debug|x64 = Debug|x64
		Debug|x86 = Debug|x86
		Release|x64 = Release|x64
		Release|x86 = Release|x86
	EndGlobalSection
	GlobalSection(ProjectConfigurationPlatforms) = postSolution
		{76654ED1-99D7-47A6-98AE-818706177E69}.Debug|x64.ActiveCfg = Debug|x64
		{76654ED1-99D7-47A6-98AE-818706177E69}.Debug|x64.Build.0 = Debug|x64
		{76654ED1-99D7-47A6-98AE-818706177E69}.Debug|x86.ActiveCfg = Debug|Win32
		{76654ED1-99D7-47A6-98AE-818706177E69}.Debug|x86.Build.0 = Debug|Win32
		{76654ED1-99D7-47A6-98AE-818706177E69}.Release|x64.ActiveCfg = Release|x64
		{76654ED1-99D7-47A6-98AE-818706177E69}.Release|x64.Build.0 = Release|x64
		{76654ED1-99D7-47A6-98AE-818706177E69}.Release|x86.ActiveCfg = Release|Win32
		{76654ED1-99D7-47A6-98AE-818706177E69}.Release|x86.Build.0 = Release|Win32
		{CB67F3AA-AE64-4023-AF51-49D20CEDA57E}.Debug|x64.ActiveCfg = Debug|x64
		{CB67F3AA-AE64-4023-AF51-49D20CEDA57E}.Debug|x64.Build.0 = Debug|x64
		{CB67F3AA-AE64-4023-AF51-49D20CEDA57E}.Debug|x86.ActiveCfg = Debug|Win32
		{CB67F3AA-AE64-4023-AF51-49D20CEDA57E}.Debug|x86.Build.0 = Debug|Win32
		{CB67F3AA-AE64-4023-AF51-49D20CEDA57E}.Release|x64.ActiveCfg = Release|x64
		{CB67F3AA-AE64-4023-AF51-49D20CEDA57E}.Release|x64.Build.0 = Release|x64
		{CB67F3AA-AE64-4023-AF51-49D20CEDA57E}.Release|x86.ActiveCfg = Release|Win32
		{CB67F3AA-AE64-4023-AF51-49D20CEDA57E}.Release|x86.Build.0 = Release|Win32
		{B088156F-4561-47B1-B166-B5DC43C84F0B}.Debug|x64.ActiveCfg = Debug|x64
		{B088156F-4561-47B1-B166-B5DC43C84F0B}.Debug|x64.Build.0 = Debug|x64
		{B088156F-4561-47B1-B166-B5DC43C84F0B}.Debug|x86.ActiveCfg = Debug|Win32
		{B088156F-4561-47B1-B166-B5DC43C84F0B}.Debug|x86.Build.0 = Debug|Win32
		{B088156F-4561-47B1-B166-B5DC43C84F0B}.Release|x64.ActiveCfg = Release|x64
		{B088156F-4561-47B1-B166-B5DC43C84F0B}.Release|x64.Build.0 = Release|x64
		{B088156F-4561-47B1-B166-B5DC43C84F0B}.Release|x86.ActiveCfg = Release|Win32
		{B088156F-4561-47B1-B166-B5DC43C84F0B}.Release|x86.Build.0 = Release|Win32
	EndGlobalSection
	GlobalSection(SolutionProperties) = preSolution
		HideSolutionNode = FALSE
	EndGlobalSection
	GlobalSection(ExtensibilityGlobals) = postSolution
		SolutionGuid = {B620777F-E647-4AAE-A69C-0DC15CB4AA5E}
	EndGlobalSection
EndGlobal
