<?xml version="1.0" encoding="utf-8"?>
<Project ToolsVersion="4.0" xmlns="http://schemas.microsoft.com/developer/msbuild/2003">
  <ItemGroup>
    <ClCompile Include="$(MSBuildThisFileDirectory)..\..\lib\native\src\gtest\gtest-all.cc" />
    <ClCompile Include="$(MSBuildThisFileDirectory)..\..\lib\native\src\gmock\gmock-all.cc" />
    <ClCompile Include="DealerMock.hpp">
      <Filter>Header Files\Mocks</Filter>
    </ClCompile>
    <ClCompile Include="CardTests.cpp">
      <Filter>Source Files</Filter>
    </ClCompile>
    <ClCompile Include="CustomDeckTests.cpp">
      <Filter>Source Files</Filter>
    </ClCompile>
    <ClCompile Include="DealerTests.cpp">
      <Filter>Source Files</Filter>
    </ClCompile>
    <ClCompile Include="DeckFactoryTests.cpp">
      <Filter>Source Files</Filter>
    </ClCompile>
    <ClCompile Include="DeckTests.cpp">
      <Filter>Source Files</Filter>
    </ClCompile>
    <ClCompile Include="GameConfigTests.cpp">
      <Filter>Source Files</Filter>
    </ClCompile>
    <ClCompile Include="HighCardGameTests.cpp">
      <Filter>Source Files</Filter>
    </ClCompile>
    <ClCompile Include="PlayerTests.cpp">
      <Filter>Source Files</Filter>
    </ClCompile>
    <ClCompile Include="UserInputValidatorTests.cpp">
      <Filter>Source Files</Filter>
    </ClCompile>
  </ItemGroup>
  <ItemGroup>
    <None Include="packages.config" />
  </ItemGroup>
  <ItemGroup>
    <Filter Include="Header Files">
      <UniqueIdentifier>{61b1ef5d-517c-4544-ab13-91898da99d59}</UniqueIdentifier>
    </Filter>
    <Filter Include="Header Files\Mocks">
      <UniqueIdentifier>{3604a28a-5b8f-4c53-b83e-a6f856dc9b6c}</UniqueIdentifier>
    </Filter>
    <Filter Include="Source Files">
      <UniqueIdentifier>{a0e2d812-0875-4b0f-9a71-0e9f8d739427}</UniqueIdentifier>
    </Filter>
  </ItemGroup>
</Project>